Microsoft Visual Studio Solution File, Format Version 11.00
# Visual Studio 2010
Project("{8BC9CEB8-8B4A-11D0-8D11-00A0C91BC942}") = "ALL_BUILD", "ALL_BUILD.vcxproj", "{2765E812-87A4-4D0B-8876-719BE539BEB7}"
	ProjectSection(ProjectDependencies) = postProject
		{4503AD9D-BA95-4E80-BDBE-097D2FBAAF16} = {4503AD9D-BA95-4E80-BDBE-097D2FBAAF16}
		{91908482-456F-4141-A126-6B000E015205} = {91908482-456F-4141-A126-6B000E015205}
		{663CE570-2EF2-43EB-84CB-F4536ED8E6C8} = {663CE570-2EF2-43EB-84CB-F4536ED8E6C8}
		{16167ED2-C2DC-4050-ADEA-46B5E3404D5D} = {16167ED2-C2DC-4050-ADEA-46B5E3404D5D}
		{421941E1-8429-4095-9333-5198F5DA7228} = {421941E1-8429-4095-9333-5198F5DA7228}
		{008BDF86-1110-4E6E-B6CD-E465EC380EE9} = {008BDF86-1110-4E6E-B6CD-E465EC380EE9}
		{28C19DA6-D155-41A0-900D-17414EBAD122} = {28C19DA6-D155-41A0-900D-17414EBAD122}
		{70054047-36ED-42F2-8A25-2C5DB9C52960} = {70054047-36ED-42F2-8A25-2C5DB9C52960}
	EndProjectSection
EndProject
Project("{8BC9CEB8-8B4A-11D0-8D11-00A0C91BC942}") = "INSTALL", "INSTALL.vcxproj", "{74009DC5-E212-4F97-B5AC-745617D03890}"
	ProjectSection(ProjectDependencies) = postProject
		{2765E812-87A4-4D0B-8876-719BE539BEB7} = {2765E812-87A4-4D0B-8876-719BE539BEB7}
	EndProjectSection
EndProject
Project("{8BC9CEB8-8B4A-11D0-8D11-00A0C91BC942}") = "ZERO_CHECK", "ZERO_CHECK.vcxproj", "{4503AD9D-BA95-4E80-BDBE-097D2FBAAF16}"
	ProjectSection(ProjectDependencies) = postProject
	EndProjectSection
EndProject
Project("{8BC9CEB8-8B4A-11D0-8D11-00A0C91BC942}") = "image_enhancement_MaryKim2008", "image_enhancement_MaryKim2008.vcxproj", "{91908482-456F-4141-A126-6B000E015205}"
	ProjectSection(ProjectDependencies) = postProject
		{4503AD9D-BA95-4E80-BDBE-097D2FBAAF16} = {4503AD9D-BA95-4E80-BDBE-097D2FBAAF16}
		{008BDF86-1110-4E6E-B6CD-E465EC380EE9} = {008BDF86-1110-4E6E-B6CD-E465EC380EE9}
	EndProjectSection
EndProject
Project("{8BC9CEB8-8B4A-11D0-8D11-00A0C91BC942}") = "image_enhancement_WadudKabirDewanChae2007", "image_enhancement_WadudKabirDewanChae2007.vcxproj", "{663CE570-2EF2-43EB-84CB-F4536ED8E6C8}"
	ProjectSection(ProjectDependencies) = postProject
		{4503AD9D-BA95-4E80-BDBE-097D2FBAAF16} = {4503AD9D-BA95-4E80-BDBE-097D2FBAAF16}
		{008BDF86-1110-4E6E-B6CD-E465EC380EE9} = {008BDF86-1110-4E6E-B6CD-E465EC380EE9}
	EndProjectSection
EndProject
Project("{8BC9CEB8-8B4A-11D0-8D11-00A0C91BC942}") = "image_halftoning_dotdiffusion_GuoLiu2009", "image_halftoning_dotdiffusion_GuoLiu2009.vcxproj", "{16167ED2-C2DC-4050-ADEA-46B5E3404D5D}"
	ProjectSection(ProjectDependencies) = postProject
		{4503AD9D-BA95-4E80-BDBE-097D2FBAAF16} = {4503AD9D-BA95-4E80-BDBE-097D2FBAAF16}
		{008BDF86-1110-4E6E-B6CD-E465EC380EE9} = {008BDF86-1110-4E6E-B6CD-E465EC380EE9}
	EndProjectSection
EndProject
Project("{8BC9CEB8-8B4A-11D0-8D11-00A0C91BC942}") = "image_halftoning_dotdiffusion_NADD2013", "image_halftoning_dotdiffusion_NADD2013.vcxproj", "{421941E1-8429-4095-9333-5198F5DA7228}"
	ProjectSection(ProjectDependencies) = postProject
		{4503AD9D-BA95-4E80-BDBE-097D2FBAAF16} = {4503AD9D-BA95-4E80-BDBE-097D2FBAAF16}
		{008BDF86-1110-4E6E-B6CD-E465EC380EE9} = {008BDF86-1110-4E6E-B6CD-E465EC380EE9}
	EndProjectSection
EndProject
Project("{8BC9CEB8-8B4A-11D0-8D11-00A0C91BC942}") = "pixkit_image", "pixkit_image.vcxproj", "{008BDF86-1110-4E6E-B6CD-E465EC380EE9}"
	ProjectSection(ProjectDependencies) = postProject
		{4503AD9D-BA95-4E80-BDBE-097D2FBAAF16} = {4503AD9D-BA95-4E80-BDBE-097D2FBAAF16}
	EndProjectSection
EndProject
Project("{8BC9CEB8-8B4A-11D0-8D11-00A0C91BC942}") = "pixkit_ml", "pixkit_ml.vcxproj", "{28C19DA6-D155-41A0-900D-17414EBAD122}"
	ProjectSection(ProjectDependencies) = postProject
		{4503AD9D-BA95-4E80-BDBE-097D2FBAAF16} = {4503AD9D-BA95-4E80-BDBE-097D2FBAAF16}
	EndProjectSection
EndProject
Project("{8BC9CEB8-8B4A-11D0-8D11-00A0C91BC942}") = "test_image_halftoning", "test_image_halftoning.vcxproj", "{70054047-36ED-42F2-8A25-2C5DB9C52960}"
	ProjectSection(ProjectDependencies) = postProject
		{4503AD9D-BA95-4E80-BDBE-097D2FBAAF16} = {4503AD9D-BA95-4E80-BDBE-097D2FBAAF16}
		{008BDF86-1110-4E6E-B6CD-E465EC380EE9} = {008BDF86-1110-4E6E-B6CD-E465EC380EE9}
	EndProjectSection
EndProject
Global
	GlobalSection(SolutionConfigurationPlatforms) = preSolution
		Debug|x64 = Debug|x64
		Release|x64 = Release|x64
		MinSizeRel|x64 = MinSizeRel|x64
		RelWithDebInfo|x64 = RelWithDebInfo|x64
	EndGlobalSection
	GlobalSection(ProjectConfigurationPlatforms) = postSolution
		{2765E812-87A4-4D0B-8876-719BE539BEB7}.Debug|x64.ActiveCfg = Debug|x64
		{2765E812-87A4-4D0B-8876-719BE539BEB7}.Debug|x64.Build.0 = Debug|x64
		{2765E812-87A4-4D0B-8876-719BE539BEB7}.Release|x64.ActiveCfg = Release|x64
		{2765E812-87A4-4D0B-8876-719BE539BEB7}.Release|x64.Build.0 = Release|x64
		{2765E812-87A4-4D0B-8876-719BE539BEB7}.MinSizeRel|x64.ActiveCfg = MinSizeRel|x64
		{2765E812-87A4-4D0B-8876-719BE539BEB7}.MinSizeRel|x64.Build.0 = MinSizeRel|x64
		{2765E812-87A4-4D0B-8876-719BE539BEB7}.RelWithDebInfo|x64.ActiveCfg = RelWithDebInfo|x64
		{2765E812-87A4-4D0B-8876-719BE539BEB7}.RelWithDebInfo|x64.Build.0 = RelWithDebInfo|x64
		{74009DC5-E212-4F97-B5AC-745617D03890}.Debug|x64.ActiveCfg = Debug|x64
		{74009DC5-E212-4F97-B5AC-745617D03890}.Release|x64.ActiveCfg = Release|x64
		{74009DC5-E212-4F97-B5AC-745617D03890}.MinSizeRel|x64.ActiveCfg = MinSizeRel|x64
		{74009DC5-E212-4F97-B5AC-745617D03890}.RelWithDebInfo|x64.ActiveCfg = RelWithDebInfo|x64
		{4503AD9D-BA95-4E80-BDBE-097D2FBAAF16}.Debug|x64.ActiveCfg = Debug|x64
		{4503AD9D-BA95-4E80-BDBE-097D2FBAAF16}.Debug|x64.Build.0 = Debug|x64
		{4503AD9D-BA95-4E80-BDBE-097D2FBAAF16}.Release|x64.ActiveCfg = Release|x64
		{4503AD9D-BA95-4E80-BDBE-097D2FBAAF16}.Release|x64.Build.0 = Release|x64
		{4503AD9D-BA95-4E80-BDBE-097D2FBAAF16}.MinSizeRel|x64.ActiveCfg = MinSizeRel|x64
		{4503AD9D-BA95-4E80-BDBE-097D2FBAAF16}.MinSizeRel|x64.Build.0 = MinSizeRel|x64
		{4503AD9D-BA95-4E80-BDBE-097D2FBAAF16}.RelWithDebInfo|x64.ActiveCfg = RelWithDebInfo|x64
		{4503AD9D-BA95-4E80-BDBE-097D2FBAAF16}.RelWithDebInfo|x64.Build.0 = RelWithDebInfo|x64
		{91908482-456F-4141-A126-6B000E015205}.Debug|x64.ActiveCfg = Debug|x64
		{91908482-456F-4141-A126-6B000E015205}.Debug|x64.Build.0 = Debug|x64
		{91908482-456F-4141-A126-6B000E015205}.Release|x64.ActiveCfg = Release|x64
		{91908482-456F-4141-A126-6B000E015205}.Release|x64.Build.0 = Release|x64
		{91908482-456F-4141-A126-6B000E015205}.MinSizeRel|x64.ActiveCfg = MinSizeRel|x64
		{91908482-456F-4141-A126-6B000E015205}.MinSizeRel|x64.Build.0 = MinSizeRel|x64
		{91908482-456F-4141-A126-6B000E015205}.RelWithDebInfo|x64.ActiveCfg = RelWithDebInfo|x64
		{91908482-456F-4141-A126-6B000E015205}.RelWithDebInfo|x64.Build.0 = RelWithDebInfo|x64
		{663CE570-2EF2-43EB-84CB-F4536ED8E6C8}.Debug|x64.ActiveCfg = Debug|x64
		{663CE570-2EF2-43EB-84CB-F4536ED8E6C8}.Debug|x64.Build.0 = Debug|x64
		{663CE570-2EF2-43EB-84CB-F4536ED8E6C8}.Release|x64.ActiveCfg = Release|x64
		{663CE570-2EF2-43EB-84CB-F4536ED8E6C8}.Release|x64.Build.0 = Release|x64
		{663CE570-2EF2-43EB-84CB-F4536ED8E6C8}.MinSizeRel|x64.ActiveCfg = MinSizeRel|x64
		{663CE570-2EF2-43EB-84CB-F4536ED8E6C8}.MinSizeRel|x64.Build.0 = MinSizeRel|x64
		{663CE570-2EF2-43EB-84CB-F4536ED8E6C8}.RelWithDebInfo|x64.ActiveCfg = RelWithDebInfo|x64
		{663CE570-2EF2-43EB-84CB-F4536ED8E6C8}.RelWithDebInfo|x64.Build.0 = RelWithDebInfo|x64
		{16167ED2-C2DC-4050-ADEA-46B5E3404D5D}.Debug|x64.ActiveCfg = Debug|x64
		{16167ED2-C2DC-4050-ADEA-46B5E3404D5D}.Debug|x64.Build.0 = Debug|x64
		{16167ED2-C2DC-4050-ADEA-46B5E3404D5D}.Release|x64.ActiveCfg = Release|x64
		{16167ED2-C2DC-4050-ADEA-46B5E3404D5D}.Release|x64.Build.0 = Release|x64
		{16167ED2-C2DC-4050-ADEA-46B5E3404D5D}.MinSizeRel|x64.ActiveCfg = MinSizeRel|x64
		{16167ED2-C2DC-4050-ADEA-46B5E3404D5D}.MinSizeRel|x64.Build.0 = MinSizeRel|x64
		{16167ED2-C2DC-4050-ADEA-46B5E3404D5D}.RelWithDebInfo|x64.ActiveCfg = RelWithDebInfo|x64
		{16167ED2-C2DC-4050-ADEA-46B5E3404D5D}.RelWithDebInfo|x64.Build.0 = RelWithDebInfo|x64
		{421941E1-8429-4095-9333-5198F5DA7228}.Debug|x64.ActiveCfg = Debug|x64
		{421941E1-8429-4095-9333-5198F5DA7228}.Debug|x64.Build.0 = Debug|x64
		{421941E1-8429-4095-9333-5198F5DA7228}.Release|x64.ActiveCfg = Release|x64
		{421941E1-8429-4095-9333-5198F5DA7228}.Release|x64.Build.0 = Release|x64
		{421941E1-8429-4095-9333-5198F5DA7228}.MinSizeRel|x64.ActiveCfg = MinSizeRel|x64
		{421941E1-8429-4095-9333-5198F5DA7228}.MinSizeRel|x64.Build.0 = MinSizeRel|x64
		{421941E1-8429-4095-9333-5198F5DA7228}.RelWithDebInfo|x64.ActiveCfg = RelWithDebInfo|x64
		{421941E1-8429-4095-9333-5198F5DA7228}.RelWithDebInfo|x64.Build.0 = RelWithDebInfo|x64
		{008BDF86-1110-4E6E-B6CD-E465EC380EE9}.Debug|x64.ActiveCfg = Debug|x64
		{008BDF86-1110-4E6E-B6CD-E465EC380EE9}.Debug|x64.Build.0 = Debug|x64
		{008BDF86-1110-4E6E-B6CD-E465EC380EE9}.Release|x64.ActiveCfg = Release|x64
		{008BDF86-1110-4E6E-B6CD-E465EC380EE9}.Release|x64.Build.0 = Release|x64
		{008BDF86-1110-4E6E-B6CD-E465EC380EE9}.MinSizeRel|x64.ActiveCfg = MinSizeRel|x64
		{008BDF86-1110-4E6E-B6CD-E465EC380EE9}.MinSizeRel|x64.Build.0 = MinSizeRel|x64
		{008BDF86-1110-4E6E-B6CD-E465EC380EE9}.RelWithDebInfo|x64.ActiveCfg = RelWithDebInfo|x64
		{008BDF86-1110-4E6E-B6CD-E465EC380EE9}.RelWithDebInfo|x64.Build.0 = RelWithDebInfo|x64
		{28C19DA6-D155-41A0-900D-17414EBAD122}.Debug|x64.ActiveCfg = Debug|x64
		{28C19DA6-D155-41A0-900D-17414EBAD122}.Debug|x64.Build.0 = Debug|x64
		{28C19DA6-D155-41A0-900D-17414EBAD122}.Release|x64.ActiveCfg = Release|x64
		{28C19DA6-D155-41A0-900D-17414EBAD122}.Release|x64.Build.0 = Release|x64
		{28C19DA6-D155-41A0-900D-17414EBAD122}.MinSizeRel|x64.ActiveCfg = MinSizeRel|x64
		{28C19DA6-D155-41A0-900D-17414EBAD122}.MinSizeRel|x64.Build.0 = MinSizeRel|x64
		{28C19DA6-D155-41A0-900D-17414EBAD122}.RelWithDebInfo|x64.ActiveCfg = RelWithDebInfo|x64
		{28C19DA6-D155-41A0-900D-17414EBAD122}.RelWithDebInfo|x64.Build.0 = RelWithDebInfo|x64
		{70054047-36ED-42F2-8A25-2C5DB9C52960}.Debug|x64.ActiveCfg = Debug|x64
		{70054047-36ED-42F2-8A25-2C5DB9C52960}.Debug|x64.Build.0 = Debug|x64
		{70054047-36ED-42F2-8A25-2C5DB9C52960}.Release|x64.ActiveCfg = Release|x64
		{70054047-36ED-42F2-8A25-2C5DB9C52960}.Release|x64.Build.0 = Release|x64
		{70054047-36ED-42F2-8A25-2C5DB9C52960}.MinSizeRel|x64.ActiveCfg = MinSizeRel|x64
		{70054047-36ED-42F2-8A25-2C5DB9C52960}.MinSizeRel|x64.Build.0 = MinSizeRel|x64
		{70054047-36ED-42F2-8A25-2C5DB9C52960}.RelWithDebInfo|x64.ActiveCfg = RelWithDebInfo|x64
		{70054047-36ED-42F2-8A25-2C5DB9C52960}.RelWithDebInfo|x64.Build.0 = RelWithDebInfo|x64
	EndGlobalSection
	GlobalSection(ExtensibilityGlobals) = postSolution
	EndGlobalSection
	GlobalSection(ExtensibilityAddIns) = postSolution
	EndGlobalSection
EndGlobal
