Microsoft Visual Studio Solution File, Format Version 11.00
# Visual Studio 2010
Project("{8BC9CEB8-8B4A-11D0-8D11-00A0C91BC942}") = "ALL_BUILD", "ALL_BUILD.vcxproj", "{ECEC58B4-31D1-4F0A-AA4D-AC7AA1871C6B}"
	ProjectSection(ProjectDependencies) = postProject
		{B09C6CFB-8E9F-41CB-89EA-3A66E976C370} = {B09C6CFB-8E9F-41CB-89EA-3A66E976C370}
		{39E849F8-DD3A-49E0-A1BD-674D70F4E461} = {39E849F8-DD3A-49E0-A1BD-674D70F4E461}
		{8230D597-22CF-4114-B4A9-831D9AFB93B9} = {8230D597-22CF-4114-B4A9-831D9AFB93B9}
		{493A59D7-586E-4834-82CF-044AB78F2AE8} = {493A59D7-586E-4834-82CF-044AB78F2AE8}
		{2B0B0B1C-A651-4754-8E1A-1E6652244DA8} = {2B0B0B1C-A651-4754-8E1A-1E6652244DA8}
		{7500E1FC-5969-4D1C-B3F6-CA8DA547DC86} = {7500E1FC-5969-4D1C-B3F6-CA8DA547DC86}
		{040CD735-5631-4FB8-B07F-16237BD3F090} = {040CD735-5631-4FB8-B07F-16237BD3F090}
		{42385312-6486-4622-93B4-A25FAD0EA4C0} = {42385312-6486-4622-93B4-A25FAD0EA4C0}
	EndProjectSection
EndProject
Project("{8BC9CEB8-8B4A-11D0-8D11-00A0C91BC942}") = "INSTALL", "INSTALL.vcxproj", "{C1BCC35F-02BC-4618-8AB3-0C3208443628}"
	ProjectSection(ProjectDependencies) = postProject
		{ECEC58B4-31D1-4F0A-AA4D-AC7AA1871C6B} = {ECEC58B4-31D1-4F0A-AA4D-AC7AA1871C6B}
	EndProjectSection
EndProject
Project("{8BC9CEB8-8B4A-11D0-8D11-00A0C91BC942}") = "ZERO_CHECK", "ZERO_CHECK.vcxproj", "{B09C6CFB-8E9F-41CB-89EA-3A66E976C370}"
	ProjectSection(ProjectDependencies) = postProject
	EndProjectSection
EndProject
Project("{8BC9CEB8-8B4A-11D0-8D11-00A0C91BC942}") = "image_enhancement_MaryKim2008", "image_enhancement_MaryKim2008.vcxproj", "{39E849F8-DD3A-49E0-A1BD-674D70F4E461}"
	ProjectSection(ProjectDependencies) = postProject
		{B09C6CFB-8E9F-41CB-89EA-3A66E976C370} = {B09C6CFB-8E9F-41CB-89EA-3A66E976C370}
		{7500E1FC-5969-4D1C-B3F6-CA8DA547DC86} = {7500E1FC-5969-4D1C-B3F6-CA8DA547DC86}
	EndProjectSection
EndProject
Project("{8BC9CEB8-8B4A-11D0-8D11-00A0C91BC942}") = "image_enhancement_WadudKabirDewanChae2007", "image_enhancement_WadudKabirDewanChae2007.vcxproj", "{8230D597-22CF-4114-B4A9-831D9AFB93B9}"
	ProjectSection(ProjectDependencies) = postProject
		{B09C6CFB-8E9F-41CB-89EA-3A66E976C370} = {B09C6CFB-8E9F-41CB-89EA-3A66E976C370}
		{7500E1FC-5969-4D1C-B3F6-CA8DA547DC86} = {7500E1FC-5969-4D1C-B3F6-CA8DA547DC86}
	EndProjectSection
EndProject
Project("{8BC9CEB8-8B4A-11D0-8D11-00A0C91BC942}") = "image_halftoning_dotdiffusion_GuoLiu2009", "image_halftoning_dotdiffusion_GuoLiu2009.vcxproj", "{493A59D7-586E-4834-82CF-044AB78F2AE8}"
	ProjectSection(ProjectDependencies) = postProject
		{B09C6CFB-8E9F-41CB-89EA-3A66E976C370} = {B09C6CFB-8E9F-41CB-89EA-3A66E976C370}
		{7500E1FC-5969-4D1C-B3F6-CA8DA547DC86} = {7500E1FC-5969-4D1C-B3F6-CA8DA547DC86}
	EndProjectSection
EndProject
Project("{8BC9CEB8-8B4A-11D0-8D11-00A0C91BC942}") = "image_halftoning_dotdiffusion_NADD2013", "image_halftoning_dotdiffusion_NADD2013.vcxproj", "{2B0B0B1C-A651-4754-8E1A-1E6652244DA8}"
	ProjectSection(ProjectDependencies) = postProject
		{B09C6CFB-8E9F-41CB-89EA-3A66E976C370} = {B09C6CFB-8E9F-41CB-89EA-3A66E976C370}
		{7500E1FC-5969-4D1C-B3F6-CA8DA547DC86} = {7500E1FC-5969-4D1C-B3F6-CA8DA547DC86}
	EndProjectSection
EndProject
Project("{8BC9CEB8-8B4A-11D0-8D11-00A0C91BC942}") = "pixkit_image", "pixkit_image.vcxproj", "{7500E1FC-5969-4D1C-B3F6-CA8DA547DC86}"
	ProjectSection(ProjectDependencies) = postProject
		{B09C6CFB-8E9F-41CB-89EA-3A66E976C370} = {B09C6CFB-8E9F-41CB-89EA-3A66E976C370}
	EndProjectSection
EndProject
Project("{8BC9CEB8-8B4A-11D0-8D11-00A0C91BC942}") = "pixkit_ml", "pixkit_ml.vcxproj", "{040CD735-5631-4FB8-B07F-16237BD3F090}"
	ProjectSection(ProjectDependencies) = postProject
		{B09C6CFB-8E9F-41CB-89EA-3A66E976C370} = {B09C6CFB-8E9F-41CB-89EA-3A66E976C370}
	EndProjectSection
EndProject
Project("{8BC9CEB8-8B4A-11D0-8D11-00A0C91BC942}") = "test_image_halftoning", "test_image_halftoning.vcxproj", "{42385312-6486-4622-93B4-A25FAD0EA4C0}"
	ProjectSection(ProjectDependencies) = postProject
		{B09C6CFB-8E9F-41CB-89EA-3A66E976C370} = {B09C6CFB-8E9F-41CB-89EA-3A66E976C370}
		{7500E1FC-5969-4D1C-B3F6-CA8DA547DC86} = {7500E1FC-5969-4D1C-B3F6-CA8DA547DC86}
	EndProjectSection
EndProject
Global
	GlobalSection(SolutionConfigurationPlatforms) = preSolution
		Debug|Win32 = Debug|Win32
		Release|Win32 = Release|Win32
		MinSizeRel|Win32 = MinSizeRel|Win32
		RelWithDebInfo|Win32 = RelWithDebInfo|Win32
	EndGlobalSection
	GlobalSection(ProjectConfigurationPlatforms) = postSolution
		{ECEC58B4-31D1-4F0A-AA4D-AC7AA1871C6B}.Debug|Win32.ActiveCfg = Debug|Win32
		{ECEC58B4-31D1-4F0A-AA4D-AC7AA1871C6B}.Debug|Win32.Build.0 = Debug|Win32
		{ECEC58B4-31D1-4F0A-AA4D-AC7AA1871C6B}.Release|Win32.ActiveCfg = Release|Win32
		{ECEC58B4-31D1-4F0A-AA4D-AC7AA1871C6B}.Release|Win32.Build.0 = Release|Win32
		{ECEC58B4-31D1-4F0A-AA4D-AC7AA1871C6B}.MinSizeRel|Win32.ActiveCfg = MinSizeRel|Win32
		{ECEC58B4-31D1-4F0A-AA4D-AC7AA1871C6B}.MinSizeRel|Win32.Build.0 = MinSizeRel|Win32
		{ECEC58B4-31D1-4F0A-AA4D-AC7AA1871C6B}.RelWithDebInfo|Win32.ActiveCfg = RelWithDebInfo|Win32
		{ECEC58B4-31D1-4F0A-AA4D-AC7AA1871C6B}.RelWithDebInfo|Win32.Build.0 = RelWithDebInfo|Win32
		{C1BCC35F-02BC-4618-8AB3-0C3208443628}.Debug|Win32.ActiveCfg = Debug|Win32
		{C1BCC35F-02BC-4618-8AB3-0C3208443628}.Release|Win32.ActiveCfg = Release|Win32
		{C1BCC35F-02BC-4618-8AB3-0C3208443628}.MinSizeRel|Win32.ActiveCfg = MinSizeRel|Win32
		{C1BCC35F-02BC-4618-8AB3-0C3208443628}.RelWithDebInfo|Win32.ActiveCfg = RelWithDebInfo|Win32
		{B09C6CFB-8E9F-41CB-89EA-3A66E976C370}.Debug|Win32.ActiveCfg = Debug|Win32
		{B09C6CFB-8E9F-41CB-89EA-3A66E976C370}.Debug|Win32.Build.0 = Debug|Win32
		{B09C6CFB-8E9F-41CB-89EA-3A66E976C370}.Release|Win32.ActiveCfg = Release|Win32
		{B09C6CFB-8E9F-41CB-89EA-3A66E976C370}.Release|Win32.Build.0 = Release|Win32
		{B09C6CFB-8E9F-41CB-89EA-3A66E976C370}.MinSizeRel|Win32.ActiveCfg = MinSizeRel|Win32
		{B09C6CFB-8E9F-41CB-89EA-3A66E976C370}.MinSizeRel|Win32.Build.0 = MinSizeRel|Win32
		{B09C6CFB-8E9F-41CB-89EA-3A66E976C370}.RelWithDebInfo|Win32.ActiveCfg = RelWithDebInfo|Win32
		{B09C6CFB-8E9F-41CB-89EA-3A66E976C370}.RelWithDebInfo|Win32.Build.0 = RelWithDebInfo|Win32
		{39E849F8-DD3A-49E0-A1BD-674D70F4E461}.Debug|Win32.ActiveCfg = Debug|Win32
		{39E849F8-DD3A-49E0-A1BD-674D70F4E461}.Debug|Win32.Build.0 = Debug|Win32
		{39E849F8-DD3A-49E0-A1BD-674D70F4E461}.Release|Win32.ActiveCfg = Release|Win32
		{39E849F8-DD3A-49E0-A1BD-674D70F4E461}.Release|Win32.Build.0 = Release|Win32
		{39E849F8-DD3A-49E0-A1BD-674D70F4E461}.MinSizeRel|Win32.ActiveCfg = MinSizeRel|Win32
		{39E849F8-DD3A-49E0-A1BD-674D70F4E461}.MinSizeRel|Win32.Build.0 = MinSizeRel|Win32
		{39E849F8-DD3A-49E0-A1BD-674D70F4E461}.RelWithDebInfo|Win32.ActiveCfg = RelWithDebInfo|Win32
		{39E849F8-DD3A-49E0-A1BD-674D70F4E461}.RelWithDebInfo|Win32.Build.0 = RelWithDebInfo|Win32
		{8230D597-22CF-4114-B4A9-831D9AFB93B9}.Debug|Win32.ActiveCfg = Debug|Win32
		{8230D597-22CF-4114-B4A9-831D9AFB93B9}.Debug|Win32.Build.0 = Debug|Win32
		{8230D597-22CF-4114-B4A9-831D9AFB93B9}.Release|Win32.ActiveCfg = Release|Win32
		{8230D597-22CF-4114-B4A9-831D9AFB93B9}.Release|Win32.Build.0 = Release|Win32
		{8230D597-22CF-4114-B4A9-831D9AFB93B9}.MinSizeRel|Win32.ActiveCfg = MinSizeRel|Win32
		{8230D597-22CF-4114-B4A9-831D9AFB93B9}.MinSizeRel|Win32.Build.0 = MinSizeRel|Win32
		{8230D597-22CF-4114-B4A9-831D9AFB93B9}.RelWithDebInfo|Win32.ActiveCfg = RelWithDebInfo|Win32
		{8230D597-22CF-4114-B4A9-831D9AFB93B9}.RelWithDebInfo|Win32.Build.0 = RelWithDebInfo|Win32
		{493A59D7-586E-4834-82CF-044AB78F2AE8}.Debug|Win32.ActiveCfg = Debug|Win32
		{493A59D7-586E-4834-82CF-044AB78F2AE8}.Debug|Win32.Build.0 = Debug|Win32
		{493A59D7-586E-4834-82CF-044AB78F2AE8}.Release|Win32.ActiveCfg = Release|Win32
		{493A59D7-586E-4834-82CF-044AB78F2AE8}.Release|Win32.Build.0 = Release|Win32
		{493A59D7-586E-4834-82CF-044AB78F2AE8}.MinSizeRel|Win32.ActiveCfg = MinSizeRel|Win32
		{493A59D7-586E-4834-82CF-044AB78F2AE8}.MinSizeRel|Win32.Build.0 = MinSizeRel|Win32
		{493A59D7-586E-4834-82CF-044AB78F2AE8}.RelWithDebInfo|Win32.ActiveCfg = RelWithDebInfo|Win32
		{493A59D7-586E-4834-82CF-044AB78F2AE8}.RelWithDebInfo|Win32.Build.0 = RelWithDebInfo|Win32
		{2B0B0B1C-A651-4754-8E1A-1E6652244DA8}.Debug|Win32.ActiveCfg = Debug|Win32
		{2B0B0B1C-A651-4754-8E1A-1E6652244DA8}.Debug|Win32.Build.0 = Debug|Win32
		{2B0B0B1C-A651-4754-8E1A-1E6652244DA8}.Release|Win32.ActiveCfg = Release|Win32
		{2B0B0B1C-A651-4754-8E1A-1E6652244DA8}.Release|Win32.Build.0 = Release|Win32
		{2B0B0B1C-A651-4754-8E1A-1E6652244DA8}.MinSizeRel|Win32.ActiveCfg = MinSizeRel|Win32
		{2B0B0B1C-A651-4754-8E1A-1E6652244DA8}.MinSizeRel|Win32.Build.0 = MinSizeRel|Win32
		{2B0B0B1C-A651-4754-8E1A-1E6652244DA8}.RelWithDebInfo|Win32.ActiveCfg = RelWithDebInfo|Win32
		{2B0B0B1C-A651-4754-8E1A-1E6652244DA8}.RelWithDebInfo|Win32.Build.0 = RelWithDebInfo|Win32
		{7500E1FC-5969-4D1C-B3F6-CA8DA547DC86}.Debug|Win32.ActiveCfg = Debug|Win32
		{7500E1FC-5969-4D1C-B3F6-CA8DA547DC86}.Debug|Win32.Build.0 = Debug|Win32
		{7500E1FC-5969-4D1C-B3F6-CA8DA547DC86}.Release|Win32.ActiveCfg = Release|Win32
		{7500E1FC-5969-4D1C-B3F6-CA8DA547DC86}.Release|Win32.Build.0 = Release|Win32
		{7500E1FC-5969-4D1C-B3F6-CA8DA547DC86}.MinSizeRel|Win32.ActiveCfg = MinSizeRel|Win32
		{7500E1FC-5969-4D1C-B3F6-CA8DA547DC86}.MinSizeRel|Win32.Build.0 = MinSizeRel|Win32
		{7500E1FC-5969-4D1C-B3F6-CA8DA547DC86}.RelWithDebInfo|Win32.ActiveCfg = RelWithDebInfo|Win32
		{7500E1FC-5969-4D1C-B3F6-CA8DA547DC86}.RelWithDebInfo|Win32.Build.0 = RelWithDebInfo|Win32
		{040CD735-5631-4FB8-B07F-16237BD3F090}.Debug|Win32.ActiveCfg = Debug|Win32
		{040CD735-5631-4FB8-B07F-16237BD3F090}.Debug|Win32.Build.0 = Debug|Win32
		{040CD735-5631-4FB8-B07F-16237BD3F090}.Release|Win32.ActiveCfg = Release|Win32
		{040CD735-5631-4FB8-B07F-16237BD3F090}.Release|Win32.Build.0 = Release|Win32
		{040CD735-5631-4FB8-B07F-16237BD3F090}.MinSizeRel|Win32.ActiveCfg = MinSizeRel|Win32
		{040CD735-5631-4FB8-B07F-16237BD3F090}.MinSizeRel|Win32.Build.0 = MinSizeRel|Win32
		{040CD735-5631-4FB8-B07F-16237BD3F090}.RelWithDebInfo|Win32.ActiveCfg = RelWithDebInfo|Win32
		{040CD735-5631-4FB8-B07F-16237BD3F090}.RelWithDebInfo|Win32.Build.0 = RelWithDebInfo|Win32
		{42385312-6486-4622-93B4-A25FAD0EA4C0}.Debug|Win32.ActiveCfg = Debug|Win32
		{42385312-6486-4622-93B4-A25FAD0EA4C0}.Debug|Win32.Build.0 = Debug|Win32
		{42385312-6486-4622-93B4-A25FAD0EA4C0}.Release|Win32.ActiveCfg = Release|Win32
		{42385312-6486-4622-93B4-A25FAD0EA4C0}.Release|Win32.Build.0 = Release|Win32
		{42385312-6486-4622-93B4-A25FAD0EA4C0}.MinSizeRel|Win32.ActiveCfg = MinSizeRel|Win32
		{42385312-6486-4622-93B4-A25FAD0EA4C0}.MinSizeRel|Win32.Build.0 = MinSizeRel|Win32
		{42385312-6486-4622-93B4-A25FAD0EA4C0}.RelWithDebInfo|Win32.ActiveCfg = RelWithDebInfo|Win32
		{42385312-6486-4622-93B4-A25FAD0EA4C0}.RelWithDebInfo|Win32.Build.0 = RelWithDebInfo|Win32
	EndGlobalSection
	GlobalSection(ExtensibilityGlobals) = postSolution
	EndGlobalSection
	GlobalSection(ExtensibilityAddIns) = postSolution
	EndGlobalSection
EndGlobal
