<?xml version="1.0" encoding="utf-8"?>
<Project ToolsVersion="4.0" xmlns="http://schemas.microsoft.com/developer/msbuild/2003">
  <ItemGroup>
    <ClCompile Include="..\..\..\pixkit-image\src\enhancement.cpp">
      <Filter>pixkit-image</Filter>
    </ClCompile>
    <ClCompile Include="example_MaryKim2008.cpp" />
  </ItemGroup>
  <ItemGroup>
    <Filter Include="pixkit-image">
      <UniqueIdentifier>{c5dde762-4131-4606-9189-48c7b5b5d2af}</UniqueIdentifier>
    </Filter>
  </ItemGroup>
  <ItemGroup>
    <ClInclude Include="..\..\..\pixkit-image\pixkit-image.hpp">
      <Filter>pixkit-image</Filter>
    </ClInclude>
  </ItemGroup>
</Project>